{
  "name": "Ahkmav",
  "lockfileVersion": 3,
  "requires": true,
  "packages": {
    "": {
      "dependencies": {
        "@supabase/supabase-js": "^2.39.1",
        "react-router-dom": "^6.21.1"
      }
    },
    "node_modules/@remix-run/router": {
      "version": "1.14.1",
      "resolved": "https://registry.npmjs.org/@remix-run/router/-/router-1.14.1.tgz",
      "integrity": "sha512-Qg4DMQsfPNAs88rb2xkdk03N3bjK4jgX5fR24eHCTR9q6PrhZQZ4UJBPzCHJkIpTRN1UKxx2DzjZmnC+7Lj0Ow==",
      "engines": {
        "node": ">=14.0.0"
      }
    },
    "node_modules/@supabase/functions-js": {
      "version": "2.1.5",
      "resolved": "https://registry.npmjs.org/@supabase/functions-js/-/functions-js-2.1.5.tgz",
      "integrity": "sha512-BNzC5XhCzzCaggJ8s53DP+WeHHGT/NfTsx2wUSSGKR2/ikLFQTBCDzMvGz/PxYMqRko/LwncQtKXGOYp1PkPaw==",
      "dependencies": {
        "@supabase/node-fetch": "^2.6.14"
      }
    },
    "node_modules/@supabase/gotrue-js": {
      "version": "2.62.0",
      "resolved": "https://registry.npmjs.org/@supabase/gotrue-js/-/gotrue-js-2.62.0.tgz",
      "integrity": "sha512-4eBuZNXGOk7ewqJuHPYMnk8clCtEx6Hfnu6yHLjZlx7w18TqcojcTRUBZagErtpgwwdfzUwKbquexhbrpH/ysw==",
      "dependencies": {
        "@supabase/node-fetch": "^2.6.14"
      }
    },
    "node_modules/@supabase/node-fetch": {
      "version": "2.6.15",
      "resolved": "https://registry.npmjs.org/@supabase/node-fetch/-/node-fetch-2.6.15.tgz",
      "integrity": "sha512-1ibVeYUacxWYi9i0cf5efil6adJ9WRyZBLivgjs+AUpewx1F3xPi7gLgaASI2SmIQxPoCEjAsLAzKPgMJVgOUQ==",
      "dependencies": {
        "whatwg-url": "^5.0.0"
      },
      "engines": {
        "node": "4.x || >=6.0.0"
      }
    },
    "node_modules/@supabase/postgrest-js": {
      "version": "1.9.0",
      "resolved": "https://registry.npmjs.org/@supabase/postgrest-js/-/postgrest-js-1.9.0.tgz",
      "integrity": "sha512-axP6cU69jDrLbfihJKQ6vU27tklD0gzb9idkMN363MtTXeJVt5DQNT3JnJ58JVNBdL74hgm26rAsFNvHk+tnSw==",
      "dependencies": {
        "@supabase/node-fetch": "^2.6.14"
      }
    },
    "node_modules/@supabase/realtime-js": {
      "version": "2.9.1",
      "resolved": "https://registry.npmjs.org/@supabase/realtime-js/-/realtime-js-2.9.1.tgz",
      "integrity": "sha512-OxmY2qj+y6+KI4ifTL92j5+WYP+u5/PdThlYxVb0GMcMiMHfA7yIku9yaQNC5/oRdIvhuRpTMG/8/R40eB+8pA==",
      "dependencies": {
        "@supabase/node-fetch": "^2.6.14",
        "@types/phoenix": "^1.5.4",
        "ws": "^8.14.2"
      }
    },
    "node_modules/@supabase/storage-js": {
      "version": "2.5.5",
      "resolved": "https://registry.npmjs.org/@supabase/storage-js/-/storage-js-2.5.5.tgz",
      "integrity": "sha512-OpLoDRjFwClwc2cjTJZG8XviTiQH4Ik8sCiMK5v7et0MDu2QlXjCAW3ljxJB5+z/KazdMOTnySi+hysxWUPu3w==",
      "dependencies": {
        "@supabase/node-fetch": "^2.6.14"
      }
    },
    "node_modules/@supabase/supabase-js": {
      "version": "2.39.1",
      "resolved": "https://registry.npmjs.org/@supabase/supabase-js/-/supabase-js-2.39.1.tgz",
      "integrity": "sha512-nz0aQPButJWjChX+bLXqvhHutfiOuiJwzibyJs0uhFrQ6JRDZZsl9+nX2jgyox2v2V+e4PEwbn/eaEOFVUr8iA==",
      "dependencies": {
        "@supabase/functions-js": "^2.1.5",
        "@supabase/gotrue-js": "^2.60.0",
        "@supabase/node-fetch": "^2.6.14",
        "@supabase/postgrest-js": "^1.8.6",
        "@supabase/realtime-js": "^2.8.4",
        "@supabase/storage-js": "^2.5.4"
      }
    },
    "node_modules/@types/phoenix": {
      "version": "1.6.4",
      "resolved": "https://registry.npmjs.org/@types/phoenix/-/phoenix-1.6.4.tgz",
      "integrity": "sha512-B34A7uot1Cv0XtaHRYDATltAdKx0BvVKNgYNqE4WjtPUa4VQJM7kxeXcVKaH+KS+kCmZ+6w+QaUdcljiheiBJA=="
    },
    "node_modules/js-tokens": {
      "version": "4.0.0",
      "resolved": "https://registry.npmjs.org/js-tokens/-/js-tokens-4.0.0.tgz",
      "integrity": "sha512-RdJUflcE3cUzKiMqQgsCu06FPu9UdIJO0beYbPhHN4k6apgJtifcoCtT9bcxOpYBtpD2kCM6Sbzg4CausW/PKQ==",
      "peer": true
    },
    "node_modules/loose-envify": {
      "version": "1.4.0",
      "resolved": "https://registry.npmjs.org/loose-envify/-/loose-envify-1.4.0.tgz",
      "integrity": "sha512-lyuxPGr/Wfhrlem2CL/UcnUc1zcqKAImBDzukY7Y5F/yQiNdko6+fRLevlw1HgMySw7f611UIY408EtxRSoK3Q==",
      "peer": true,
      "dependencies": {
        "js-tokens": "^3.0.0 || ^4.0.0"
      },
      "bin": {
        "loose-envify": "cli.js"
      }
    },
    "node_modules/react": {
      "version": "18.2.0",
      "resolved": "https://registry.npmjs.org/react/-/react-18.2.0.tgz",
      "integrity": "sha512-/3IjMdb2L9QbBdWiW5e3P2/npwMBaU9mHCSCUzNln0ZCYbcfTsGbTJrU/kGemdH2IWmB2ioZ+zkxtmq6g09fGQ==",
      "peer": true,
      "dependencies": {
        "loose-envify": "^1.1.0"
      },
      "engines": {
        "node": ">=0.10.0"
      }
    },
    "node_modules/react-dom": {
      "version": "18.2.0",
      "resolved": "https://registry.npmjs.org/react-dom/-/react-dom-18.2.0.tgz",
      "integrity": "sha512-6IMTriUmvsjHUjNtEDudZfuDQUoWXVxKHhlEGSk81n4YFS+r/Kl99wXiwlVXtPBtJenozv2P+hxDsw9eA7Xo6g==",
      "peer": true,
      "dependencies": {
        "loose-envify": "^1.1.0",
        "scheduler": "^0.23.0"
      },
      "peerDependencies": {
        "react": "^18.2.0"
      }
    },
    "node_modules/react-router": {
      "version": "6.21.1",
      "resolved": "https://registry.npmjs.org/react-router/-/react-router-6.21.1.tgz",
      "integrity": "sha512-W0l13YlMTm1YrpVIOpjCADJqEUpz1vm+CMo47RuFX4Ftegwm6KOYsL5G3eiE52jnJpKvzm6uB/vTKTPKM8dmkA==",
      "dependencies": {
        "@remix-run/router": "1.14.1"
      },
      "engines": {
        "node": ">=14.0.0"
      },
      "peerDependencies": {
        "react": ">=16.8"
      }
    },
    "node_modules/react-router-dom": {
      "version": "6.21.1",
      "resolved": "https://registry.npmjs.org/react-router-dom/-/react-router-dom-6.21.1.tgz",
      "integrity": "sha512-QCNrtjtDPwHDO+AO21MJd7yIcr41UetYt5jzaB9Y1UYaPTCnVuJq6S748g1dE11OQlCFIQg+RtAA1SEZIyiBeA==",
      "dependencies": {
        "@remix-run/router": "1.14.1",
        "react-router": "6.21.1"
      },
      "engines": {
        "node": ">=14.0.0"
      },
      "peerDependencies": {
        "react": ">=16.8",
        "react-dom": ">=16.8"
      }
    },
    "node_modules/scheduler": {
      "version": "0.23.0",
      "resolved": "https://registry.npmjs.org/scheduler/-/scheduler-0.23.0.tgz",
      "integrity": "sha512-CtuThmgHNg7zIZWAXi3AsyIzA3n4xx7aNyjwC2VJldO2LMVDhFK+63xGqq6CsJH4rTAt6/M+N4GhZiDYPx9eUw==",
      "peer": true,
      "dependencies": {
        "loose-envify": "^1.1.0"
      }
    },
    "node_modules/tr46": {
      "version": "0.0.3",
      "resolved": "https://registry.npmjs.org/tr46/-/tr46-0.0.3.tgz",
      "integrity": "sha512-N3WMsuqV66lT30CrXNbEjx4GEwlow3v6rr4mCcv6prnfwhS01rkgyFdjPNBYd9br7LpXV1+Emh01fHnq2Gdgrw=="
    },
    "node_modules/webidl-conversions": {
      "version": "3.0.1",
      "resolved": "https://registry.npmjs.org/webidl-conversions/-/webidl-conversions-3.0.1.tgz",
      "integrity": "sha512-2JAn3z8AR6rjK8Sm8orRC0h/bcl/DqL7tRPdGZ4I1CjdF+EaMLmYxBHyXuKL849eucPFhvBoxMsflfOb8kxaeQ=="
    },
    "node_modules/whatwg-url": {
      "version": "5.0.0",
      "resolved": "https://registry.npmjs.org/whatwg-url/-/whatwg-url-5.0.0.tgz",
      "integrity": "sha512-saE57nupxk6v3HY35+jzBwYa0rKSy0XR8JSxZPwgLr7ys0IBzhGviA1/TUGJLmSVqs8pb9AnvICXEuOHLprYTw==",
      "dependencies": {
        "tr46": "~0.0.3",
        "webidl-conversions": "^3.0.0"
      }
    },
    "node_modules/ws": {
      "version": "8.16.0",
      "resolved": "https://registry.npmjs.org/ws/-/ws-8.16.0.tgz",
      "integrity": "sha512-HS0c//TP7Ina87TfiPUz1rQzMhHrl/SG2guqRcTOIUYD2q8uhUdNHZYJUaQ8aTGPzCh+c6oawMKW35nFl1dxyQ==",
      "engines": {
        "node": ">=10.0.0"
      },
      "peerDependencies": {
        "bufferutil": "^4.0.1",
        "utf-8-validate": ">=5.0.2"
      },
      "peerDependenciesMeta": {
        "bufferutil": {
          "optional": true
        },
        "utf-8-validate": {
          "optional": true
        }
      }
    }
  }
}
